// !$*UTF8*$!
{
	archiveVersion = 1;
	classes = {
	};
	objectVersion = 50;
	objects = {

/* Begin PBXBuildFile section */
		84990ADD23E7A4190097E3C2 /* AppDelegate.swift in Sources */ = {isa = PBXBuildFile; fileRef = 84990ADC23E7A4190097E3C2 /* AppDelegate.swift */; };
		84990ADF23E7A4190097E3C2 /* SceneDelegate.swift in Sources */ = {isa = PBXBuildFile; fileRef = 84990ADE23E7A4190097E3C2 /* SceneDelegate.swift */; };
		84990AE123E7A4190097E3C2 /* ViewController.swift in Sources */ = {isa = PBXBuildFile; fileRef = 84990AE023E7A4190097E3C2 /* ViewController.swift */; };
		84990AE423E7A4190097E3C2 /* Main.storyboard in Resources */ = {isa = PBXBuildFile; fileRef = 84990AE223E7A4190097E3C2 /* Main.storyboard */; };
		84990AE623E7A4520097E3C2 /* Assets.xcassets in Resources */ = {isa = PBXBuildFile; fileRef = 84990AE523E7A4520097E3C2 /* Assets.xcassets */; };
		84990AE923E7A4520097E3C2 /* LaunchScreen.storyboard in Resources */ = {isa = PBXBuildFile; fileRef = 84990AE723E7A4520097E3C2 /* LaunchScreen.storyboard */; };
		84990AF123E7A4E70097E3C2 /* DetailViewController.swift in Sources */ = {isa = PBXBuildFile; fileRef = 84990AF023E7A4E70097E3C2 /* DetailViewController.swift */; };
		84990AF323E7A5400097E3C2 /* FeedData.swift in Sources */ = {isa = PBXBuildFile; fileRef = 84990AF223E7A5400097E3C2 /* FeedData.swift */; };
		84990AF523E7A56E0097E3C2 /* Album.swift in Sources */ = {isa = PBXBuildFile; fileRef = 84990AF423E7A56E0097E3C2 /* Album.swift */; };
		84990AF723E7A5920097E3C2 /* Constants.swift in Sources */ = {isa = PBXBuildFile; fileRef = 84990AF623E7A5920097E3C2 /* Constants.swift */; };
		84990AF923E7A5B30097E3C2 /* UIViewAnchors.swift in Sources */ = {isa = PBXBuildFile; fileRef = 84990AF823E7A5B30097E3C2 /* UIViewAnchors.swift */; };
		84990AFB23E7A5CA0097E3C2 /* ImagesCache.swift in Sources */ = {isa = PBXBuildFile; fileRef = 84990AFA23E7A5CA0097E3C2 /* ImagesCache.swift */; };
		84990AFD23E7A6120097E3C2 /* UIImageViewExtension.swift in Sources */ = {isa = PBXBuildFile; fileRef = 84990AFC23E7A6120097E3C2 /* UIImageViewExtension.swift */; };
		84990AFF23E7A62A0097E3C2 /* Services.swift in Sources */ = {isa = PBXBuildFile; fileRef = 84990AFE23E7A62A0097E3C2 /* Services.swift */; };
		84990B0123E7A6410097E3C2 /* ImageDownloader.swift in Sources */ = {isa = PBXBuildFile; fileRef = 84990B0023E7A6410097E3C2 /* ImageDownloader.swift */; };
/* End PBXBuildFile section */

/* Begin PBXFileReference section */
		84990AD923E7A4190097E3C2 /* AlbumsDemo.app */ = {isa = PBXFileReference; explicitFileType = wrapper.application; includeInIndex = 0; path = AlbumsDemo.app; sourceTree = BUILT_PRODUCTS_DIR; };
		84990ADC23E7A4190097E3C2 /* AppDelegate.swift */ = {isa = PBXFileReference; lastKnownFileType = sourcecode.swift; path = AppDelegate.swift; sourceTree = "<group>"; };
		84990ADE23E7A4190097E3C2 /* SceneDelegate.swift */ = {isa = PBXFileReference; lastKnownFileType = sourcecode.swift; path = SceneDelegate.swift; sourceTree = "<group>"; };
		84990AE023E7A4190097E3C2 /* ViewController.swift */ = {isa = PBXFileReference; lastKnownFileType = sourcecode.swift; path = ViewController.swift; sourceTree = "<group>"; };
		84990AE323E7A4190097E3C2 /* Base */ = {isa = PBXFileReference; lastKnownFileType = file.storyboard; name = Base; path = Base.lproj/Main.storyboard; sourceTree = "<group>"; };
		84990AE523E7A4520097E3C2 /* Assets.xcassets */ = {isa = PBXFileReference; lastKnownFileType = folder.assetcatalog; path = Assets.xcassets; sourceTree = "<group>"; };
		84990AE823E7A4520097E3C2 /* Base */ = {isa = PBXFileReference; lastKnownFileType = file.storyboard; name = Base; path = Base.lproj/LaunchScreen.storyboard; sourceTree = "<group>"; };
		84990AEA23E7A4520097E3C2 /* Info.plist */ = {isa = PBXFileReference; lastKnownFileType = text.plist.xml; path = Info.plist; sourceTree = "<group>"; };
		84990AF023E7A4E70097E3C2 /* DetailViewController.swift */ = {isa = PBXFileReference; lastKnownFileType = sourcecode.swift; path = DetailViewController.swift; sourceTree = "<group>"; };
		84990AF223E7A5400097E3C2 /* FeedData.swift */ = {isa = PBXFileReference; lastKnownFileType = sourcecode.swift; path = FeedData.swift; sourceTree = "<group>"; };
		84990AF423E7A56E0097E3C2 /* Album.swift */ = {isa = PBXFileReference; lastKnownFileType = sourcecode.swift; path = Album.swift; sourceTree = "<group>"; };
		84990AF623E7A5920097E3C2 /* Constants.swift */ = {isa = PBXFileReference; lastKnownFileType = sourcecode.swift; path = Constants.swift; sourceTree = "<group>"; };
		84990AF823E7A5B30097E3C2 /* UIViewAnchors.swift */ = {isa = PBXFileReference; lastKnownFileType = sourcecode.swift; path = UIViewAnchors.swift; sourceTree = "<group>"; };
		84990AFA23E7A5CA0097E3C2 /* ImagesCache.swift */ = {isa = PBXFileReference; lastKnownFileType = sourcecode.swift; path = ImagesCache.swift; sourceTree = "<group>"; };
		84990AFC23E7A6120097E3C2 /* UIImageViewExtension.swift */ = {isa = PBXFileReference; lastKnownFileType = sourcecode.swift; path = UIImageViewExtension.swift; sourceTree = "<group>"; };
		84990AFE23E7A62A0097E3C2 /* Services.swift */ = {isa = PBXFileReference; lastKnownFileType = sourcecode.swift; path = Services.swift; sourceTree = "<group>"; };
		84990B0023E7A6410097E3C2 /* ImageDownloader.swift */ = {isa = PBXFileReference; lastKnownFileType = sourcecode.swift; path = ImageDownloader.swift; sourceTree = "<group>"; };
/* End PBXFileReference section */

/* Begin PBXFrameworksBuildPhase section */
		84990AD623E7A4190097E3C2 /* Frameworks */ = {
			isa = PBXFrameworksBuildPhase;
			buildActionMask = 2147483647;
			files = (
			);
			runOnlyForDeploymentPostprocessing = 0;
		};
/* End PBXFrameworksBuildPhase section */

/* Begin PBXGroup section */
		84990AD023E7A4180097E3C2 = {
			isa = PBXGroup;
			children = (
				84990ADB23E7A4190097E3C2 /* AlbumsDemo */,
				84990ADA23E7A4190097E3C2 /* Products */,
			);
			sourceTree = "<group>";
		};
		84990ADA23E7A4190097E3C2 /* Products */ = {
			isa = PBXGroup;
			children = (
				84990AD923E7A4190097E3C2 /* AlbumsDemo.app */,
			);
			name = Products;
			sourceTree = "<group>";
		};
		84990ADB23E7A4190097E3C2 /* AlbumsDemo */ = {
			isa = PBXGroup;
			children = (
				84990ADC23E7A4190097E3C2 /* AppDelegate.swift */,
				84990ADE23E7A4190097E3C2 /* SceneDelegate.swift */,
				84990AE023E7A4190097E3C2 /* ViewController.swift */,
				84990AF023E7A4E70097E3C2 /* DetailViewController.swift */,
				84990AF823E7A5B30097E3C2 /* UIViewAnchors.swift */,
				84990AF223E7A5400097E3C2 /* FeedData.swift */,
				84990B0023E7A6410097E3C2 /* ImageDownloader.swift */,
				84990AFC23E7A6120097E3C2 /* UIImageViewExtension.swift */,
				84990AFA23E7A5CA0097E3C2 /* ImagesCache.swift */,
				84990AF423E7A56E0097E3C2 /* Album.swift */,
				84990AF623E7A5920097E3C2 /* Constants.swift */,
				84990AFE23E7A62A0097E3C2 /* Services.swift */,
				84990AE523E7A4520097E3C2 /* Assets.xcassets */,
				84990AE723E7A4520097E3C2 /* LaunchScreen.storyboard */,
				84990AE223E7A4190097E3C2 /* Main.storyboard */,
				84990AEA23E7A4520097E3C2 /* Info.plist */,
			);
			path = AlbumsDemo;
			sourceTree = "<group>";
		};
/* End PBXGroup section */

/* Begin PBXNativeTarget section */
		84990AD823E7A4190097E3C2 /* AlbumsDemo */ = {
			isa = PBXNativeTarget;
			buildConfigurationList = 84990AED23E7A4520097E3C2 /* Build configuration list for PBXNativeTarget "AlbumsDemo" */;
			buildPhases = (
				84990AD523E7A4190097E3C2 /* Sources */,
				84990AD623E7A4190097E3C2 /* Frameworks */,
				84990AD723E7A4190097E3C2 /* Resources */,
			);
			buildRules = (
			);
			dependencies = (
			);
			name = AlbumsDemo;
			productName = AlbumsDemo;
			productReference = 84990AD923E7A4190097E3C2 /* AlbumsDemo.app */;
			productType = "com.apple.product-type.application";
		};
/* End PBXNativeTarget section */

/* Begin PBXProject section */
		84990AD123E7A4180097E3C2 /* Project object */ = {
			isa = PBXProject;
			attributes = {
				LastSwiftUpdateCheck = 1130;
				LastUpgradeCheck = 1130;
				ORGANIZATIONNAME = "Goutham Nani";
				TargetAttributes = {
					84990AD823E7A4190097E3C2 = {
						CreatedOnToolsVersion = 11.3.1;
					};
				};
			};
			buildConfigurationList = 84990AD423E7A4180097E3C2 /* Build configuration list for PBXProject "AlbumsDemo" */;
			compatibilityVersion = "Xcode 9.3";
			developmentRegion = en;
			hasScannedForEncodings = 0;
			knownRegions = (
				en,
				Base,
			);
			mainGroup = 84990AD023E7A4180097E3C2;
			productRefGroup = 84990ADA23E7A4190097E3C2 /* Products */;
			projectDirPath = "";
			projectRoot = "";
			targets = (
				84990AD823E7A4190097E3C2 /* AlbumsDemo */,
			);
		};
/* End PBXProject section */

/* Begin PBXResourcesBuildPhase section */
		84990AD723E7A4190097E3C2 /* Resources */ = {
			isa = PBXResourcesBuildPhase;
			buildActionMask = 2147483647;
			files = (
				84990AE923E7A4520097E3C2 /* LaunchScreen.storyboard in Resources */,
				84990AE623E7A4520097E3C2 /* Assets.xcassets in Resources */,
				84990AE423E7A4190097E3C2 /* Main.storyboard in Resources */,
			);
			runOnlyForDeploymentPostprocessing = 0;
		};
/* End PBXResourcesBuildPhase section */

/* Begin PBXSourcesBuildPhase section */
		84990AD523E7A4190097E3C2 /* Sources */ = {
			isa = PBXSourcesBuildPhase;
			buildActionMask = 2147483647;
			files = (
				84990AFD23E7A6120097E3C2 /* UIImageViewExtension.swift in Sources */,
				84990AFB23E7A5CA0097E3C2 /* ImagesCache.swift in Sources */,
				84990AE123E7A4190097E3C2 /* ViewController.swift in Sources */,
				84990AFF23E7A62A0097E3C2 /* Services.swift in Sources */,
				84990AF323E7A5400097E3C2 /* FeedData.swift in Sources */,
				84990ADD23E7A4190097E3C2 /* AppDelegate.swift in Sources */,
				84990ADF23E7A4190097E3C2 /* SceneDelegate.swift in Sources */,
				84990AF723E7A5920097E3C2 /* Constants.swift in Sources */,
				84990AF923E7A5B30097E3C2 /* UIViewAnchors.swift in Sources */,
				84990AF123E7A4E70097E3C2 /* DetailViewController.swift in Sources */,
				84990B0123E7A6410097E3C2 /* ImageDownloader.swift in Sources */,
				84990AF523E7A56E0097E3C2 /* Album.swift in Sources */,
			);
			runOnlyForDeploymentPostprocessing = 0;
		};
/* End PBXSourcesBuildPhase section */

/* Begin PBXVariantGroup section */
		84990AE223E7A4190097E3C2 /* Main.storyboard */ = {
			isa = PBXVariantGroup;
			children = (
				84990AE323E7A4190097E3C2 /* Base */,
			);
			name = Main.storyboard;
			sourceTree = "<group>";
		};
		84990AE723E7A4520097E3C2 /* LaunchScreen.storyboard */ = {
			isa = PBXVariantGroup;
			children = (
				84990AE823E7A4520097E3C2 /* Base */,
			);
			name = LaunchScreen.storyboard;
			sourceTree = "<group>";
		};
/* End PBXVariantGroup section */

/* Begin XCBuildConfiguration section */
		84990AEB23E7A4520097E3C2 /* Debug */ = {
			isa = XCBuildConfiguration;
			buildSettings = {
				ALWAYS_SEARCH_USER_PATHS = NO;
				CLANG_ANALYZER_NONNULL = YES;
				CLANG_ANALYZER_NUMBER_OBJECT_CONVERSION = YES_AGGRESSIVE;
				CLANG_CXX_LANGUAGE_STANDARD = "gnu++14";
				CLANG_CXX_LIBRARY = "libc++";
				CLANG_ENABLE_MODULES = YES;
				CLANG_ENABLE_OBJC_ARC = YES;
				CLANG_ENABLE_OBJC_WEAK = YES;
				CLANG_WARN_BLOCK_CAPTURE_AUTORELEASING = YES;
				CLANG_WARN_BOOL_CONVERSION = YES;
				CLANG_WARN_COMMA = YES;
				CLANG_WARN_CONSTANT_CONVERSION = YES;
				CLANG_WARN_DEPRECATED_OBJC_IMPLEMENTATIONS = YES;
				CLANG_WARN_DIRECT_OBJC_ISA_USAGE = YES_ERROR;
				CLANG_WARN_DOCUMENTATION_COMMENTS = YES;
				CLANG_WARN_EMPTY_BODY = YES;
				CLANG_WARN_ENUM_CONVERSION = YES;
				CLANG_WARN_INFINITE_RECURSION = YES;
				CLANG_WARN_INT_CONVERSION = YES;
				CLANG_WARN_NON_LITERAL_NULL_CONVERSION = YES;
				CLANG_WARN_OBJC_IMPLICIT_RETAIN_SELF = YES;
				CLANG_WARN_OBJC_LITERAL_CONVERSION = YES;
				CLANG_WARN_OBJC_ROOT_CLASS = YES_ERROR;
				CLANG_WARN_RANGE_LOOP_ANALYSIS = YES;
				CLANG_WARN_STRICT_PROTOTYPES = YES;
				CLANG_WARN_SUSPICIOUS_MOVE = YES;
				CLANG_WARN_UNGUARDED_AVAILABILITY = YES_AGGRESSIVE;
				CLANG_WARN_UNREACHABLE_CODE = YES;
				CLANG_WARN__DUPLICATE_METHOD_MATCH = YES;
				COPY_PHASE_STRIP = NO;
				DEBUG_INFORMATION_FORMAT = dwarf;
				ENABLE_STRICT_OBJC_MSGSEND = YES;
				ENABLE_TESTABILITY = YES;
				GCC_C_LANGUAGE_STANDARD = gnu11;
				GCC_DYNAMIC_NO_PIC = NO;
				GCC_NO_COMMON_BLOCKS = YES;
				GCC_OPTIMIZATION_LEVEL = 0;
				GCC_PREPROCESSOR_DEFINITIONS = (
					"DEBUG=1",
					"$(inherited)",
				);
				GCC_WARN_64_TO_32_BIT_CONVERSION = YES;
				GCC_WARN_ABOUT_RETURN_TYPE = YES_ERROR;
				GCC_WARN_UNDECLARED_SELECTOR = YES;
				GCC_WARN_UNINITIALIZED_AUTOS = YES_AGGRESSIVE;
				GCC_WARN_UNUSED_FUNCTION = YES;
				GCC_WARN_UNUSED_VARIABLE = YES;
				IPHONEOS_DEPLOYMENT_TARGET = 13.2;
				MTL_ENABLE_DEBUG_INFO = INCLUDE_SOURCE;
				MTL_FAST_MATH = YES;
				ONLY_ACTIVE_ARCH = YES;
				SDKROOT = iphoneos;
				SWIFT_ACTIVE_COMPILATION_CONDITIONS = DEBUG;
				SWIFT_OPTIMIZATION_LEVEL = "-Onone";
			};
			name = Debug;
		};
		84990AEC23E7A4520097E3C2 /* Release */ = {
			isa = XCBuildConfiguration;
			buildSettings = {
				ALWAYS_SEARCH_USER_PATHS = NO;
				CLANG_ANALYZER_NONNULL = YES;
				CLANG_ANALYZER_NUMBER_OBJECT_CONVERSION = YES_AGGRESSIVE;
				CLANG_CXX_LANGUAGE_STANDARD = "gnu++14";
				CLANG_CXX_LIBRARY = "libc++";
				CLANG_ENABLE_MODULES = YES;
				CLANG_ENABLE_OBJC_ARC = YES;
				CLANG_ENABLE_OBJC_WEAK = YES;
				CLANG_WARN_BLOCK_CAPTURE_AUTORELEASING = YES;
				CLANG_WARN_BOOL_CONVERSION = YES;
				CLANG_WARN_COMMA = YES;
				CLANG_WARN_CONSTANT_CONVERSION = YES;
				CLANG_WARN_DEPRECATED_OBJC_IMPLEMENTATIONS = YES;
				CLANG_WARN_DIRECT_OBJC_ISA_USAGE = YES_ERROR;
				CLANG_WARN_DOCUMENTATION_COMMENTS = YES;
				CLANG_WARN_EMPTY_BODY = YES;
				CLANG_WARN_ENUM_CONVERSION = YES;
				CLANG_WARN_INFINITE_RECURSION = YES;
				CLANG_WARN_INT_CONVERSION = YES;
				CLANG_WARN_NON_LITERAL_NULL_CONVERSION = YES;
				CLANG_WARN_OBJC_IMPLICIT_RETAIN_SELF = YES;
				CLANG_WARN_OBJC_LITERAL_CONVERSION = YES;
				CLANG_WARN_OBJC_ROOT_CLASS = YES_ERROR;
				CLANG_WARN_RANGE_LOOP_ANALYSIS = YES;
				CLANG_WARN_STRICT_PROTOTYPES = YES;
				CLANG_WARN_SUSPICIOUS_MOVE = YES;
				CLANG_WARN_UNGUARDED_AVAILABILITY = YES_AGGRESSIVE;
				CLANG_WARN_UNREACHABLE_CODE = YES;
				CLANG_WARN__DUPLICATE_METHOD_MATCH = YES;
				COPY_PHASE_STRIP = NO;
				DEBUG_INFORMATION_FORMAT = "dwarf-with-dsym";
				ENABLE_NS_ASSERTIONS = NO;
				ENABLE_STRICT_OBJC_MSGSEND = YES;
				GCC_C_LANGUAGE_STANDARD = gnu11;
				GCC_NO_COMMON_BLOCKS = YES;
				GCC_WARN_64_TO_32_BIT_CONVERSION = YES;
				GCC_WARN_ABOUT_RETURN_TYPE = YES_ERROR;
				GCC_WARN_UNDECLARED_SELECTOR = YES;
				GCC_WARN_UNINITIALIZED_AUTOS = YES_AGGRESSIVE;
				GCC_WARN_UNUSED_FUNCTION = YES;
				GCC_WARN_UNUSED_VARIABLE = YES;
				IPHONEOS_DEPLOYMENT_TARGET = 13.2;
				MTL_ENABLE_DEBUG_INFO = NO;
				MTL_FAST_MATH = YES;
				SDKROOT = iphoneos;
				SWIFT_COMPILATION_MODE = wholemodule;
				SWIFT_OPTIMIZATION_LEVEL = "-O";
				VALIDATE_PRODUCT = YES;
			};
			name = Release;
		};
		84990AEE23E7A4520097E3C2 /* Debug */ = {
			isa = XCBuildConfiguration;
			buildSettings = {
				ASSETCATALOG_COMPILER_APPICON_NAME = AppIcon;
				CODE_SIGN_STYLE = Automatic;
				INFOPLIST_FILE = AlbumsDemo/Info.plist;
				LD_RUNPATH_SEARCH_PATHS = (
					"$(inherited)",
					"@executable_path/Frameworks",
				);
				PRODUCT_BUNDLE_IDENTIFIER = com.goutham.AlbumsDemo;
				PRODUCT_NAME = "$(TARGET_NAME)";
				SWIFT_VERSION = 5.0;
				TARGETED_DEVICE_FAMILY = "1,2";
			};
			name = Debug;
		};
		84990AEF23E7A4520097E3C2 /* Release */ = {
			isa = XCBuildConfiguration;
			buildSettings = {
				ASSETCATALOG_COMPILER_APPICON_NAME = AppIcon;
				CODE_SIGN_STYLE = Automatic;
				INFOPLIST_FILE = AlbumsDemo/Info.plist;
				LD_RUNPATH_SEARCH_PATHS = (
					"$(inherited)",
					"@executable_path/Frameworks",
				);
				PRODUCT_BUNDLE_IDENTIFIER = com.goutham.AlbumsDemo;
				PRODUCT_NAME = "$(TARGET_NAME)";
				SWIFT_VERSION = 5.0;
				TARGETED_DEVICE_FAMILY = "1,2";
			};
			name = Release;
		};
/* End XCBuildConfiguration section */

/* Begin XCConfigurationList section */
		84990AD423E7A4180097E3C2 /* Build configuration list for PBXProject "AlbumsDemo" */ = {
			isa = XCConfigurationList;
			buildConfigurations = (
				84990AEB23E7A4520097E3C2 /* Debug */,
				84990AEC23E7A4520097E3C2 /* Release */,
			);
			defaultConfigurationIsVisible = 0;
			defaultConfigurationName = Release;
		};
		84990AED23E7A4520097E3C2 /* Build configuration list for PBXNativeTarget "AlbumsDemo" */ = {
			isa = XCConfigurationList;
			buildConfigurations = (
				84990AEE23E7A4520097E3C2 /* Debug */,
				84990AEF23E7A4520097E3C2 /* Release */,
			);
			defaultConfigurationIsVisible = 0;
			defaultConfigurationName = Release;
		};
/* End XCConfigurationList section */
	};
	rootObject = 84990AD123E7A4180097E3C2 /* Project object */;
}
